dependencies:
  espressif/esp-nn:
    component_hash: 41b0ab49a5a5c88fc7331d76fc5cc58d1ec3e356ff42ea9cb88270daf415ffef
    dependencies:
    - name: idf
      require: private
      version: '>=5.1'
    source:
      registry_url: https://components.espressif.com
      type: service
    version: 1.3.2
  espressif/esp-tflite-micro:
    component_hash: 1ce00c44af2362d48b5c0eefc5fcc60fa54d84db332c80005ae324556f4df0db
    dependencies:
    - name: espressif/esp-nn
      registry_url: https://components.espressif.com
      require: private
      version: '>=1.1.1'
    - name: idf
      require: private
      version: '>=5.1'
    source:
      registry_url: https://components.espressif.com/
      type: service
    version: 1.4.0
  idf:
    source:
      type: idf
    version: 6.2.0
direct_dependencies:
- espressif/esp-tflite-micro
- idf
manifest_hash: acf519988d6a8cc3f06ae9cedac8c0f8475568d7099a534e1068dc717435a434
target: esp32
version: 3.0.0
